
Microsoft Visual Studio Solution File, Format Version 12.00
# Visual Studio Version 16
VisualStudioVersion = 16.0.30717.126
MinimumVisualStudioVersion = 10.0.40219.1
Project("{FAE04EC0-301F-11D3-BF4B-00C04F79EFBC}") = "PantherAPI", "PantherAPI\PantherAPI.csproj", "{1BE8ADCF-6596-43B1-9853-3B8E531300DC}"
EndProject
Global
	GlobalSection(SolutionConfigurationPlatforms) = preSolution
		Debug|Any CPU = Debug|Any CPU
		Release|Any CPU = Release|Any CPU
	EndGlobalSection
	GlobalSection(ProjectConfigurationPlatforms) = postSolution
		{1BE8ADCF-6596-43B1-9853-3B8E531300DC}.Debug|Any CPU.ActiveCfg = Debug|Any CPU
		{1BE8ADCF-6596-43B1-9853-3B8E531300DC}.Debug|Any CPU.Build.0 = Debug|Any CPU
		{1BE8ADCF-6596-43B1-9853-3B8E531300DC}.Release|Any CPU.ActiveCfg = Release|Any CPU
		{1BE8ADCF-6596-43B1-9853-3B8E531300DC}.Release|Any CPU.Build.0 = Release|Any CPU
	EndGlobalSection
	GlobalSection(SolutionProperties) = preSolution
		HideSolutionNode = FALSE
	EndGlobalSection
	GlobalSection(ExtensibilityGlobals) = postSolution
		SolutionGuid = {67622AC7-6702-4CAC-91FA-828764E237E9}
	EndGlobalSection
EndGlobal
